
Microsoft Visual Studio Solution File, Format Version 12.00
# Visual Studio Version 17
VisualStudioVersion = 17.9.34701.34
MinimumVisualStudioVersion = 10.0.40219.1
Project("{FAE04EC0-301F-11D3-BF4B-00C04F79EFBC}") = "ChannelsECommerceExample", "ChannelsECommerceExample.csproj", "{9601F82B-39BE-4393-88EA-106AE45F6837}"
EndProject
Global
	GlobalSection(SolutionConfigurationPlatforms) = preSolution
		Debug|Any CPU = Debug|Any CPU
		Release|Any CPU = Release|Any CPU
	EndGlobalSection
	GlobalSection(ProjectConfigurationPlatforms) = postSolution
		{9601F82B-39BE-4393-88EA-106AE45F6837}.Debug|Any CPU.ActiveCfg = Debug|Any CPU
		{9601F82B-39BE-4393-88EA-106AE45F6837}.Debug|Any CPU.Build.0 = Debug|Any CPU
		{9601F82B-39BE-4393-88EA-106AE45F6837}.Release|Any CPU.ActiveCfg = Release|Any CPU
		{9601F82B-39BE-4393-88EA-106AE45F6837}.Release|Any CPU.Build.0 = Release|Any CPU
	EndGlobalSection
	GlobalSection(SolutionProperties) = preSolution
		HideSolutionNode = FALSE
	EndGlobalSection
	GlobalSection(ExtensibilityGlobals) = postSolution
		SolutionGuid = {746CA9D5-B025-4715-9F13-0E3D84A3C10B}
	EndGlobalSection
EndGlobal
